// !$*UTF8*$!
{
	archiveVersion = 1;
	classes = {
	};
	objectVersion = 48;
	objects = {

/* Begin PBXBuildFile section */
		971A7F5B205AD3D8009441DC /* AppDelegate.swift in Sources */ = {isa = PBXBuildFile; fileRef = 971A7F5A205AD3D8009441DC /* AppDelegate.swift */; };
		971A7F5D205AD3D8009441DC /* ViewController.swift in Sources */ = {isa = PBXBuildFile; fileRef = 971A7F5C205AD3D8009441DC /* ViewController.swift */; };
		971A7F60205AD3D8009441DC /* Main.storyboard in Resources */ = {isa = PBXBuildFile; fileRef = 971A7F5E205AD3D8009441DC /* Main.storyboard */; };
		971A7F62205AD3D8009441DC /* Assets.xcassets in Resources */ = {isa = PBXBuildFile; fileRef = 971A7F61205AD3D8009441DC /* Assets.xcassets */; };
		971A7F65205AD3D8009441DC /* LaunchScreen.storyboard in Resources */ = {isa = PBXBuildFile; fileRef = 971A7F63205AD3D8009441DC /* LaunchScreen.storyboard */; };
/* End PBXBuildFile section */

/* Begin PBXFileReference section */
		971A7F57205AD3D8009441DC /* whats my name.app */ = {isa = PBXFileReference; explicitFileType = wrapper.application; includeInIndex = 0; path = "whats my name.app"; sourceTree = BUILT_PRODUCTS_DIR; };
		971A7F5A205AD3D8009441DC /* AppDelegate.swift */ = {isa = PBXFileReference; lastKnownFileType = sourcecode.swift; path = AppDelegate.swift; sourceTree = "<group>"; };
		971A7F5C205AD3D8009441DC /* ViewController.swift */ = {isa = PBXFileReference; lastKnownFileType = sourcecode.swift; path = ViewController.swift; sourceTree = "<group>"; };
		971A7F5F205AD3D8009441DC /* Base */ = {isa = PBXFileReference; lastKnownFileType = file.storyboard; name = Base; path = Base.lproj/Main.storyboard; sourceTree = "<group>"; };
		971A7F61205AD3D8009441DC /* Assets.xcassets */ = {isa = PBXFileReference; lastKnownFileType = folder.assetcatalog; path = Assets.xcassets; sourceTree = "<group>"; };
		971A7F64205AD3D8009441DC /* Base */ = {isa = PBXFileReference; lastKnownFileType = file.storyboard; name = Base; path = Base.lproj/LaunchScreen.storyboard; sourceTree = "<group>"; };
		971A7F66205AD3D8009441DC /* Info.plist */ = {isa = PBXFileReference; lastKnownFileType = text.plist.xml; path = Info.plist; sourceTree = "<group>"; };
/* End PBXFileReference section */

/* Begin PBXFrameworksBuildPhase section */
		971A7F54205AD3D8009441DC /* Frameworks */ = {
			isa = PBXFrameworksBuildPhase;
			buildActionMask = 2147483647;
			files = (
			);
			runOnlyForDeploymentPostprocessing = 0;
		};
/* End PBXFrameworksBuildPhase section */

/* Begin PBXGroup section */
		971A7F4E205AD3D8009441DC = {
			isa = PBXGroup;
			children = (
				971A7F59205AD3D8009441DC /* whats my name */,
				971A7F58205AD3D8009441DC /* Products */,
			);
			sourceTree = "<group>";
		};
		971A7F58205AD3D8009441DC /* Products */ = {
			isa = PBXGroup;
			children = (
				971A7F57205AD3D8009441DC /* whats my name.app */,
			);
			name = Products;
			sourceTree = "<group>";
		};
		971A7F59205AD3D8009441DC /* whats my name */ = {
			isa = PBXGroup;
			children = (
				971A7F6C205AD454009441DC /* files */,
				971A7F5C205AD3D8009441DC /* ViewController.swift */,
				971A7F5E205AD3D8009441DC /* Main.storyboard */,
				971A7F66205AD3D8009441DC /* Info.plist */,
			);
			path = "whats my name";
			sourceTree = "<group>";
		};
		971A7F6C205AD454009441DC /* files */ = {
			isa = PBXGroup;
			children = (
				971A7F5A205AD3D8009441DC /* AppDelegate.swift */,
				971A7F61205AD3D8009441DC /* Assets.xcassets */,
				971A7F63205AD3D8009441DC /* LaunchScreen.storyboard */,
			);
			path = files;
			sourceTree = "<group>";
		};
/* End PBXGroup section */

/* Begin PBXNativeTarget section */
		971A7F56205AD3D8009441DC /* whats my name */ = {
			isa = PBXNativeTarget;
			buildConfigurationList = 971A7F69205AD3D8009441DC /* Build configuration list for PBXNativeTarget "whats my name" */;
			buildPhases = (
				971A7F53205AD3D8009441DC /* Sources */,
				971A7F54205AD3D8009441DC /* Frameworks */,
				971A7F55205AD3D8009441DC /* Resources */,
			);
			buildRules = (
			);
			dependencies = (
			);
			name = "whats my name";
			productName = "whats my name";
			productReference = 971A7F57205AD3D8009441DC /* whats my name.app */;
			productType = "com.apple.product-type.application";
		};
/* End PBXNativeTarget section */

/* Begin PBXProject section */
		971A7F4F205AD3D8009441DC /* Project object */ = {
			isa = PBXProject;
			attributes = {
				LastSwiftUpdateCheck = 0910;
				LastUpgradeCheck = 0910;
				ORGANIZATIONNAME = "Bihan Mahadewa";
				TargetAttributes = {
					971A7F56205AD3D8009441DC = {
						CreatedOnToolsVersion = 9.1;
						ProvisioningStyle = Automatic;
					};
				};
			};
			buildConfigurationList = 971A7F52205AD3D8009441DC /* Build configuration list for PBXProject "whats my name" */;
			compatibilityVersion = "Xcode 8.0";
			developmentRegion = en;
			hasScannedForEncodings = 0;
			knownRegions = (
				en,
				Base,
			);
			mainGroup = 971A7F4E205AD3D8009441DC;
			productRefGroup = 971A7F58205AD3D8009441DC /* Products */;
			projectDirPath = "";
			projectRoot = "";
			targets = (
				971A7F56205AD3D8009441DC /* whats my name */,
			);
		};
/* End PBXProject section */

/* Begin PBXResourcesBuildPhase section */
		971A7F55205AD3D8009441DC /* Resources */ = {
			isa = PBXResourcesBuildPhase;
			buildActionMask = 2147483647;
			files = (
				971A7F65205AD3D8009441DC /* LaunchScreen.storyboard in Resources */,
				971A7F62205AD3D8009441DC /* Assets.xcassets in Resources */,
				971A7F60205AD3D8009441DC /* Main.storyboard in Resources */,
			);
			runOnlyForDeploymentPostprocessing = 0;
		};
/* End PBXResourcesBuildPhase section */

/* Begin PBXSourcesBuildPhase section */
		971A7F53205AD3D8009441DC /* Sources */ = {
			isa = PBXSourcesBuildPhase;
			buildActionMask = 2147483647;
			files = (
				971A7F5D205AD3D8009441DC /* ViewController.swift in Sources */,
				971A7F5B205AD3D8009441DC /* AppDelegate.swift in Sources */,
			);
			runOnlyForDeploymentPostprocessing = 0;
		};
/* End PBXSourcesBuildPhase section */

/* Begin PBXVariantGroup section */
		971A7F5E205AD3D8009441DC /* Main.storyboard */ = {
			isa = PBXVariantGroup;
			children = (
				971A7F5F205AD3D8009441DC /* Base */,
			);
			name = Main.storyboard;
			sourceTree = "<group>";
		};
		971A7F63205AD3D8009441DC /* LaunchScreen.storyboard */ = {
			isa = PBXVariantGroup;
			children = (
				971A7F64205AD3D8009441DC /* Base */,
			);
			name = LaunchScreen.storyboard;
			sourceTree = "<group>";
		};
/* End PBXVariantGroup section */

/* Begin XCBuildConfiguration section */
		971A7F67205AD3D8009441DC /* Debug */ = {
			isa = XCBuildConfiguration;
			buildSettings = {
				ALWAYS_SEARCH_USER_PATHS = NO;
				CLANG_ANALYZER_NONNULL = YES;
				CLANG_ANALYZER_NUMBER_OBJECT_CONVERSION = YES_AGGRESSIVE;
				CLANG_CXX_LANGUAGE_STANDARD = "gnu++14";
				CLANG_CXX_LIBRARY = "libc++";
				CLANG_ENABLE_MODULES = YES;
				CLANG_ENABLE_OBJC_ARC = YES;
				CLANG_WARN_BLOCK_CAPTURE_AUTORELEASING = YES;
				CLANG_WARN_BOOL_CONVERSION = YES;
				CLANG_WARN_COMMA = YES;
				CLANG_WARN_CONSTANT_CONVERSION = YES;
				CLANG_WARN_DIRECT_OBJC_ISA_USAGE = YES_ERROR;
				CLANG_WARN_DOCUMENTATION_COMMENTS = YES;
				CLANG_WARN_EMPTY_BODY = YES;
				CLANG_WARN_ENUM_CONVERSION = YES;
				CLANG_WARN_INFINITE_RECURSION = YES;
				CLANG_WARN_INT_CONVERSION = YES;
				CLANG_WARN_NON_LITERAL_NULL_CONVERSION = YES;
				CLANG_WARN_OBJC_LITERAL_CONVERSION = YES;
				CLANG_WARN_OBJC_ROOT_CLASS = YES_ERROR;
				CLANG_WARN_RANGE_LOOP_ANALYSIS = YES;
				CLANG_WARN_STRICT_PROTOTYPES = YES;
				CLANG_WARN_SUSPICIOUS_MOVE = YES;
				CLANG_WARN_UNGUARDED_AVAILABILITY = YES_AGGRESSIVE;
				CLANG_WARN_UNREACHABLE_CODE = YES;
				CLANG_WARN__DUPLICATE_METHOD_MATCH = YES;
				CODE_SIGN_IDENTITY = "iPhone Developer";
				COPY_PHASE_STRIP = NO;
				DEBUG_INFORMATION_FORMAT = dwarf;
				ENABLE_STRICT_OBJC_MSGSEND = YES;
				ENABLE_TESTABILITY = YES;
				GCC_C_LANGUAGE_STANDARD = gnu11;
				GCC_DYNAMIC_NO_PIC = NO;
				GCC_NO_COMMON_BLOCKS = YES;
				GCC_OPTIMIZATION_LEVEL = 0;
				GCC_PREPROCESSOR_DEFINITIONS = (
					"DEBUG=1",
					"$(inherited)",
				);
				GCC_WARN_64_TO_32_BIT_CONVERSION = YES;
				GCC_WARN_ABOUT_RETURN_TYPE = YES_ERROR;
				GCC_WARN_UNDECLARED_SELECTOR = YES;
				GCC_WARN_UNINITIALIZED_AUTOS = YES_AGGRESSIVE;
				GCC_WARN_UNUSED_FUNCTION = YES;
				GCC_WARN_UNUSED_VARIABLE = YES;
				IPHONEOS_DEPLOYMENT_TARGET = 11.1;
				MTL_ENABLE_DEBUG_INFO = YES;
				ONLY_ACTIVE_ARCH = YES;
				SDKROOT = iphoneos;
				SWIFT_ACTIVE_COMPILATION_CONDITIONS = DEBUG;
				SWIFT_OPTIMIZATION_LEVEL = "-Onone";
			};
			name = Debug;
		};
		971A7F68205AD3D8009441DC /* Release */ = {
			isa = XCBuildConfiguration;
			buildSettings = {
				ALWAYS_SEARCH_USER_PATHS = NO;
				CLANG_ANALYZER_NONNULL = YES;
				CLANG_ANALYZER_NUMBER_OBJECT_CONVERSION = YES_AGGRESSIVE;
				CLANG_CXX_LANGUAGE_STANDARD = "gnu++14";
				CLANG_CXX_LIBRARY = "libc++";
				CLANG_ENABLE_MODULES = YES;
				CLANG_ENABLE_OBJC_ARC = YES;
				CLANG_WARN_BLOCK_CAPTURE_AUTORELEASING = YES;
				CLANG_WARN_BOOL_CONVERSION = YES;
				CLANG_WARN_COMMA = YES;
				CLANG_WARN_CONSTANT_CONVERSION = YES;
				CLANG_WARN_DIRECT_OBJC_ISA_USAGE = YES_ERROR;
				CLANG_WARN_DOCUMENTATION_COMMENTS = YES;
				CLANG_WARN_EMPTY_BODY = YES;
				CLANG_WARN_ENUM_CONVERSION = YES;
				CLANG_WARN_INFINITE_RECURSION = YES;
				CLANG_WARN_INT_CONVERSION = YES;
				CLANG_WARN_NON_LITERAL_NULL_CONVERSION = YES;
				CLANG_WARN_OBJC_LITERAL_CONVERSION = YES;
				CLANG_WARN_OBJC_ROOT_CLASS = YES_ERROR;
				CLANG_WARN_RANGE_LOOP_ANALYSIS = YES;
				CLANG_WARN_STRICT_PROTOTYPES = YES;
				CLANG_WARN_SUSPICIOUS_MOVE = YES;
				CLANG_WARN_UNGUARDED_AVAILABILITY = YES_AGGRESSIVE;
				CLANG_WARN_UNREACHABLE_CODE = YES;
				CLANG_WARN__DUPLICATE_METHOD_MATCH = YES;
				CODE_SIGN_IDENTITY = "iPhone Developer";
				COPY_PHASE_STRIP = NO;
				DEBUG_INFORMATION_FORMAT = "dwarf-with-dsym";
				ENABLE_NS_ASSERTIONS = NO;
				ENABLE_STRICT_OBJC_MSGSEND = YES;
				GCC_C_LANGUAGE_STANDARD = gnu11;
				GCC_NO_COMMON_BLOCKS = YES;
				GCC_WARN_64_TO_32_BIT_CONVERSION = YES;
				GCC_WARN_ABOUT_RETURN_TYPE = YES_ERROR;
				GCC_WARN_UNDECLARED_SELECTOR = YES;
				GCC_WARN_UNINITIALIZED_AUTOS = YES_AGGRESSIVE;
				GCC_WARN_UNUSED_FUNCTION = YES;
				GCC_WARN_UNUSED_VARIABLE = YES;
				IPHONEOS_DEPLOYMENT_TARGET = 11.1;
				MTL_ENABLE_DEBUG_INFO = NO;
				SDKROOT = iphoneos;
				SWIFT_OPTIMIZATION_LEVEL = "-Owholemodule";
				VALIDATE_PRODUCT = YES;
			};
			name = Release;
		};
		971A7F6A205AD3D8009441DC /* Debug */ = {
			isa = XCBuildConfiguration;
			buildSettings = {
				ASSETCATALOG_COMPILER_APPICON_NAME = AppIcon;
				CODE_SIGN_STYLE = Automatic;
				DEVELOPMENT_TEAM = RHCRYC638R;
				INFOPLIST_FILE = "whats my name/Info.plist";
				LD_RUNPATH_SEARCH_PATHS = "$(inherited) @executable_path/Frameworks";
				PRODUCT_BUNDLE_IDENTIFIER = "com.bihan.ios.whats-my-name";
				PRODUCT_NAME = "$(TARGET_NAME)";
				SWIFT_VERSION = 4.0;
				TARGETED_DEVICE_FAMILY = "1,2";
			};
			name = Debug;
		};
		971A7F6B205AD3D8009441DC /* Release */ = {
			isa = XCBuildConfiguration;
			buildSettings = {
				ASSETCATALOG_COMPILER_APPICON_NAME = AppIcon;
				CODE_SIGN_STYLE = Automatic;
				DEVELOPMENT_TEAM = RHCRYC638R;
				INFOPLIST_FILE = "whats my name/Info.plist";
				LD_RUNPATH_SEARCH_PATHS = "$(inherited) @executable_path/Frameworks";
				PRODUCT_BUNDLE_IDENTIFIER = "com.bihan.ios.whats-my-name";
				PRODUCT_NAME = "$(TARGET_NAME)";
				SWIFT_VERSION = 4.0;
				TARGETED_DEVICE_FAMILY = "1,2";
			};
			name = Release;
		};
/* End XCBuildConfiguration section */

/* Begin XCConfigurationList section */
		971A7F52205AD3D8009441DC /* Build configuration list for PBXProject "whats my name" */ = {
			isa = XCConfigurationList;
			buildConfigurations = (
				971A7F67205AD3D8009441DC /* Debug */,
				971A7F68205AD3D8009441DC /* Release */,
			);
			defaultConfigurationIsVisible = 0;
			defaultConfigurationName = Release;
		};
		971A7F69205AD3D8009441DC /* Build configuration list for PBXNativeTarget "whats my name" */ = {
			isa = XCConfigurationList;
			buildConfigurations = (
				971A7F6A205AD3D8009441DC /* Debug */,
				971A7F6B205AD3D8009441DC /* Release */,
			);
			defaultConfigurationIsVisible = 0;
			defaultConfigurationName = Release;
		};
/* End XCConfigurationList section */
	};
	rootObject = 971A7F4F205AD3D8009441DC /* Project object */;
}
